// !$*UTF8*$!
{
	archiveVersion = 1;
	classes = {
	};
	objectVersion = 46;
	objects = {

/* Begin PBXBuildFile section */
		AE0C66F119A339B2004B3345 /* Dropbox.png in Resources */ = {isa = PBXBuildFile; fileRef = AE0C66F019A339B2004B3345 /* Dropbox.png */; };
		AE0C66F419A33A5D004B3345 /* Fantastical 2.png in Resources */ = {isa = PBXBuildFile; fileRef = AE0C66F219A33A5D004B3345 /* Fantastical 2.png */; };
		AE0C66F519A33A5D004B3345 /* Foursquare.png in Resources */ = {isa = PBXBuildFile; fileRef = AE0C66F319A33A5D004B3345 /* Foursquare.png */; };
		AE0C66F719A33A8F004B3345 /* IFTTT.png in Resources */ = {isa = PBXBuildFile; fileRef = AE0C66F619A33A8F004B3345 /* IFTTT.png */; };
		AE0C66F919A33AFE004B3345 /* Launch Center Pro.png in Resources */ = {isa = PBXBuildFile; fileRef = AE0C66F819A33AFE004B3345 /* Launch Center Pro.png */; };
		AE0C66FD19A33C17004B3345 /* Lyft.png in Resources */ = {isa = PBXBuildFile; fileRef = AE0C66FC19A33C17004B3345 /* Lyft.png */; };
		AE0C66FF19A33C49004B3345 /* Swarm.png in Resources */ = {isa = PBXBuildFile; fileRef = AE0C66FE19A33C49004B3345 /* Swarm.png */; };
		AE0C670119A33CAB004B3345 /* Pebble.png in Resources */ = {isa = PBXBuildFile; fileRef = AE0C670019A33CAB004B3345 /* Pebble.png */; };
		AE0C670319A33CC5004B3345 /* Skype.png in Resources */ = {isa = PBXBuildFile; fileRef = AE0C670219A33CC5004B3345 /* Skype.png */; };
		AE0C670519A33D31004B3345 /* Spotify.png in Resources */ = {isa = PBXBuildFile; fileRef = AE0C670419A33D31004B3345 /* Spotify.png */; };
		AE0C670719A33D4E004B3345 /* Starbucks.png in Resources */ = {isa = PBXBuildFile; fileRef = AE0C670619A33D4E004B3345 /* Starbucks.png */; };
		AE0C670919A33D99004B3345 /* TodoMovies 3.png in Resources */ = {isa = PBXBuildFile; fileRef = AE0C670819A33D99004B3345 /* TodoMovies 3.png */; };
		AE29FB59199A4B8A00AF4567 /* Custom.png in Resources */ = {isa = PBXBuildFile; fileRef = AE29FB58199A4B8A00AF4567 /* Custom.png */; };
		AE3544AF199A12C9003A70F5 /* Clear.png in Resources */ = {isa = PBXBuildFile; fileRef = AE3544AE199A12C9003A70F5 /* Clear.png */; };
		AE3544B1199A1325003A70F5 /* Pocket.png in Resources */ = {isa = PBXBuildFile; fileRef = AE3544B0199A1325003A70F5 /* Pocket.png */; };
		AE3544B5199A13E1003A70F5 /* Uber.png in Resources */ = {isa = PBXBuildFile; fileRef = AE3544B4199A13E1003A70F5 /* Uber.png */; };
		AE3544B7199A1901003A70F5 /* Messenger.png in Resources */ = {isa = PBXBuildFile; fileRef = AE3544B6199A1901003A70F5 /* Messenger.png */; };
		AE440B0E1A0828E6008BDC18 /* Launch Screen.xib in Resources */ = {isa = PBXBuildFile; fileRef = AE440B0D1A0828E6008BDC18 /* Launch Screen.xib */; };
		AE5EC7A2198B974C0040CF0A /* Settings@2x.png in Resources */ = {isa = PBXBuildFile; fileRef = AE5EC7A1198B974C0040CF0A /* Settings@2x.png */; };
		AE5EC7A4198B982D0040CF0A /* Add@2x.png in Resources */ = {isa = PBXBuildFile; fileRef = AE5EC7A3198B982D0040CF0A /* Add@2x.png */; };
		AE6A6D301994CDC600ABC6C7 /* Maps.png in Resources */ = {isa = PBXBuildFile; fileRef = AE6A6D2F1994CDC600ABC6C7 /* Maps.png */; };
		AE6A6D321994CF2B00ABC6C7 /* Calendar.png in Resources */ = {isa = PBXBuildFile; fileRef = AE6A6D311994CF2B00ABC6C7 /* Calendar.png */; };
		AEA2267C1998F3FA009AF1DF /* Instagram.png in Resources */ = {isa = PBXBuildFile; fileRef = AEA2267B1998F3FA009AF1DF /* Instagram.png */; };
		AEA2267E1998F3FD009AF1DF /* WhatsApp.png in Resources */ = {isa = PBXBuildFile; fileRef = AEA2267D1998F3FD009AF1DF /* WhatsApp.png */; };
		AEA226801998F400009AF1DF /* Tweetbot.png in Resources */ = {isa = PBXBuildFile; fileRef = AEA2267F1998F400009AF1DF /* Tweetbot.png */; };
		AEA226821999003D009AF1DF /* Safari.png in Resources */ = {isa = PBXBuildFile; fileRef = AEA226811999003D009AF1DF /* Safari.png */; };
		AEA25F7119798B5B009A21AB /* main.m in Sources */ = {isa = PBXBuildFile; fileRef = AEA25F7019798B5B009A21AB /* main.m */; };
		AEA25F7419798B5B009A21AB /* AppDelegate.m in Sources */ = {isa = PBXBuildFile; fileRef = AEA25F7319798B5B009A21AB /* AppDelegate.m */; };
		AEA25F7A19798B5B009A21AB /* Main.storyboard in Resources */ = {isa = PBXBuildFile; fileRef = AEA25F7819798B5B009A21AB /* Main.storyboard */; };
		AEA25F7C19798B5B009A21AB /* Images.xcassets in Resources */ = {isa = PBXBuildFile; fileRef = AEA25F7B19798B5B009A21AB /* Images.xcassets */; };
		AEA25F9819798B6F009A21AB /* NotificationCenter.framework in Frameworks */ = {isa = PBXBuildFile; fileRef = AEA25F9719798B6F009A21AB /* NotificationCenter.framework */; };
		AEA25F9E19798B6F009A21AB /* TodayViewController.m in Sources */ = {isa = PBXBuildFile; fileRef = AEA25F9D19798B6F009A21AB /* TodayViewController.m */; };
		AEA25FA019798B6F009A21AB /* MainInterface.storyboard in Resources */ = {isa = PBXBuildFile; fileRef = AEA25F9F19798B6F009A21AB /* MainInterface.storyboard */; };
		AEA25FA319798B6F009A21AB /* TodayViewWidget.appex in Embed App Extensions */ = {isa = PBXBuildFile; fileRef = AEA25F9519798B6F009A21AB /* TodayViewWidget.appex */; };
		AEAA8C1B198130E300DCF69C /* ActionDetailViewController.m in Sources */ = {isa = PBXBuildFile; fileRef = AEAA8C1A198130E300DCF69C /* ActionDetailViewController.m */; };
		AEAA8C231981854E00DCF69C /* ChooseActionViewController.m in Sources */ = {isa = PBXBuildFile; fileRef = AEAA8C221981854E00DCF69C /* ChooseActionViewController.m */; };
		AEAA8C251981A47C00DCF69C /* SystemActions.plist in Resources */ = {isa = PBXBuildFile; fileRef = AEAA8C241981A47C00DCF69C /* SystemActions.plist */; };
		AECC32AB1986CB7000F52ACE /* FaceTime.png in Resources */ = {isa = PBXBuildFile; fileRef = AECC32AA1986CB7000F52ACE /* FaceTime.png */; };
		AECC32AD1986CC5200F52ACE /* YouTube.png in Resources */ = {isa = PBXBuildFile; fileRef = AECC32AC1986CC5200F52ACE /* YouTube.png */; };
		AECC32B01986CFF100F52ACE /* Music.png in Resources */ = {isa = PBXBuildFile; fileRef = AECC32AE1986CFF100F52ACE /* Music.png */; };
		AECC32B11986CFF100F52ACE /* iBooks.png in Resources */ = {isa = PBXBuildFile; fileRef = AECC32AF1986CFF100F52ACE /* iBooks.png */; };
		AECC32B41986D1CC00F52ACE /* Facebook.png in Resources */ = {isa = PBXBuildFile; fileRef = AECC32B21986D1CC00F52ACE /* Facebook.png */; };
		AECC32B51986D1CC00F52ACE /* Twitter.png in Resources */ = {isa = PBXBuildFile; fileRef = AECC32B31986D1CC00F52ACE /* Twitter.png */; };
		AECC32B71986E9EB00F52ACE /* Photos.png in Resources */ = {isa = PBXBuildFile; fileRef = AECC32B61986E9EB00F52ACE /* Photos.png */; };
		AEE2CD0B197E93F1006DA67A /* YourActionsViewController.m in Sources */ = {isa = PBXBuildFile; fileRef = AEE2CD0A197E93F1006DA67A /* YourActionsViewController.m */; };
		AEE3670C1997E69100030C00 /* OtherActions.plist in Resources */ = {isa = PBXBuildFile; fileRef = AEE3670B1997E69100030C00 /* OtherActions.plist */; };
		AEEFD6D31983BFE10039EBDC /* SchemeBuilder.m in Sources */ = {isa = PBXBuildFile; fileRef = AEEFD6D21983BFE10039EBDC /* SchemeBuilder.m */; };
		AEEFD6D71983F2E60039EBDC /* Mail.png in Resources */ = {isa = PBXBuildFile; fileRef = AEEFD6D41983F2E60039EBDC /* Mail.png */; };
		AEEFD6D91983F2E60039EBDC /* Messages.png in Resources */ = {isa = PBXBuildFile; fileRef = AEEFD6D61983F2E60039EBDC /* Messages.png */; };
		AEEFD6DB1983F4360039EBDC /* Phone.png in Resources */ = {isa = PBXBuildFile; fileRef = AEEFD6DA1983F4360039EBDC /* Phone.png */; };
/* End PBXBuildFile section */

/* Begin PBXContainerItemProxy section */
		AEA25FA119798B6F009A21AB /* PBXContainerItemProxy */ = {
			isa = PBXContainerItemProxy;
			containerPortal = AEA25F6319798B5B009A21AB /* Project object */;
			proxyType = 1;
			remoteGlobalIDString = AEA25F9419798B6F009A21AB;
			remoteInfo = TodayViewWidget;
		};
		AEA25FA419798B6F009A21AB /* PBXContainerItemProxy */ = {
			isa = PBXContainerItemProxy;
			containerPortal = AEA25F6319798B5B009A21AB /* Project object */;
			proxyType = 1;
			remoteGlobalIDString = AEA25F9419798B6F009A21AB;
			remoteInfo = TodayViewWidget;
		};
/* End PBXContainerItemProxy section */

/* Begin PBXCopyFilesBuildPhase section */
		AEA25FA919798B6F009A21AB /* Embed App Extensions */ = {
			isa = PBXCopyFilesBuildPhase;
			buildActionMask = 2147483647;
			dstPath = "";
			dstSubfolderSpec = 13;
			files = (
				AEA25FA319798B6F009A21AB /* TodayViewWidget.appex in Embed App Extensions */,
			);
			name = "Embed App Extensions";
			runOnlyForDeploymentPostprocessing = 0;
		};
/* End PBXCopyFilesBuildPhase section */

/* Begin PBXFileReference section */
		AE0C66F019A339B2004B3345 /* Dropbox.png */ = {isa = PBXFileReference; lastKnownFileType = image.png; path = Dropbox.png; sourceTree = "<group>"; };
		AE0C66F219A33A5D004B3345 /* Fantastical 2.png */ = {isa = PBXFileReference; lastKnownFileType = image.png; path = "Fantastical 2.png"; sourceTree = "<group>"; };
		AE0C66F319A33A5D004B3345 /* Foursquare.png */ = {isa = PBXFileReference; lastKnownFileType = image.png; path = Foursquare.png; sourceTree = "<group>"; };
		AE0C66F619A33A8F004B3345 /* IFTTT.png */ = {isa = PBXFileReference; lastKnownFileType = image.png; path = IFTTT.png; sourceTree = "<group>"; };
		AE0C66F819A33AFE004B3345 /* Launch Center Pro.png */ = {isa = PBXFileReference; lastKnownFileType = image.png; path = "Launch Center Pro.png"; sourceTree = "<group>"; };
		AE0C66FC19A33C17004B3345 /* Lyft.png */ = {isa = PBXFileReference; lastKnownFileType = image.png; path = Lyft.png; sourceTree = "<group>"; };
		AE0C66FE19A33C49004B3345 /* Swarm.png */ = {isa = PBXFileReference; lastKnownFileType = image.png; path = Swarm.png; sourceTree = "<group>"; };
		AE0C670019A33CAB004B3345 /* Pebble.png */ = {isa = PBXFileReference; lastKnownFileType = image.png; path = Pebble.png; sourceTree = "<group>"; };
		AE0C670219A33CC5004B3345 /* Skype.png */ = {isa = PBXFileReference; lastKnownFileType = image.png; path = Skype.png; sourceTree = "<group>"; };
		AE0C670419A33D31004B3345 /* Spotify.png */ = {isa = PBXFileReference; lastKnownFileType = image.png; path = Spotify.png; sourceTree = "<group>"; };
		AE0C670619A33D4E004B3345 /* Starbucks.png */ = {isa = PBXFileReference; lastKnownFileType = image.png; path = Starbucks.png; sourceTree = "<group>"; };
		AE0C670819A33D99004B3345 /* TodoMovies 3.png */ = {isa = PBXFileReference; lastKnownFileType = image.png; path = "TodoMovies 3.png"; sourceTree = "<group>"; };
		AE29FB58199A4B8A00AF4567 /* Custom.png */ = {isa = PBXFileReference; lastKnownFileType = image.png; path = Custom.png; sourceTree = "<group>"; };
		AE3544AE199A12C9003A70F5 /* Clear.png */ = {isa = PBXFileReference; lastKnownFileType = image.png; path = Clear.png; sourceTree = "<group>"; };
		AE3544B0199A1325003A70F5 /* Pocket.png */ = {isa = PBXFileReference; lastKnownFileType = image.png; path = Pocket.png; sourceTree = "<group>"; };
		AE3544B4199A13E1003A70F5 /* Uber.png */ = {isa = PBXFileReference; lastKnownFileType = image.png; path = Uber.png; sourceTree = "<group>"; };
		AE3544B6199A1901003A70F5 /* Messenger.png */ = {isa = PBXFileReference; lastKnownFileType = image.png; path = Messenger.png; sourceTree = "<group>"; };
		AE440B0D1A0828E6008BDC18 /* Launch Screen.xib */ = {isa = PBXFileReference; fileEncoding = 4; lastKnownFileType = file.xib; name = "Launch Screen.xib"; path = "../Launch Screen.xib"; sourceTree = "<group>"; };
		AE5EC7A1198B974C0040CF0A /* Settings@2x.png */ = {isa = PBXFileReference; lastKnownFileType = image.png; path = "Settings@2x.png"; sourceTree = "<group>"; };
		AE5EC7A3198B982D0040CF0A /* Add@2x.png */ = {isa = PBXFileReference; lastKnownFileType = image.png; path = "Add@2x.png"; sourceTree = "<group>"; };
		AE6A6D2F1994CDC600ABC6C7 /* Maps.png */ = {isa = PBXFileReference; lastKnownFileType = image.png; path = Maps.png; sourceTree = "<group>"; };
		AE6A6D311994CF2B00ABC6C7 /* Calendar.png */ = {isa = PBXFileReference; lastKnownFileType = image.png; path = Calendar.png; sourceTree = "<group>"; };
		AEA2267B1998F3FA009AF1DF /* Instagram.png */ = {isa = PBXFileReference; lastKnownFileType = image.png; path = Instagram.png; sourceTree = "<group>"; };
		AEA2267D1998F3FD009AF1DF /* WhatsApp.png */ = {isa = PBXFileReference; lastKnownFileType = image.png; path = WhatsApp.png; sourceTree = "<group>"; };
		AEA2267F1998F400009AF1DF /* Tweetbot.png */ = {isa = PBXFileReference; lastKnownFileType = image.png; path = Tweetbot.png; sourceTree = "<group>"; };
		AEA226811999003D009AF1DF /* Safari.png */ = {isa = PBXFileReference; lastKnownFileType = image.png; path = Safari.png; sourceTree = "<group>"; };
		AEA25F6B19798B5B009A21AB /* OpenIt.app */ = {isa = PBXFileReference; explicitFileType = wrapper.application; includeInIndex = 0; path = OpenIt.app; sourceTree = BUILT_PRODUCTS_DIR; };
		AEA25F6F19798B5B009A21AB /* Info.plist */ = {isa = PBXFileReference; lastKnownFileType = text.plist.xml; path = Info.plist; sourceTree = "<group>"; };
		AEA25F7019798B5B009A21AB /* main.m */ = {isa = PBXFileReference; lastKnownFileType = sourcecode.c.objc; path = main.m; sourceTree = "<group>"; };
		AEA25F7219798B5B009A21AB /* AppDelegate.h */ = {isa = PBXFileReference; lastKnownFileType = sourcecode.c.h; path = AppDelegate.h; sourceTree = "<group>"; };
		AEA25F7319798B5B009A21AB /* AppDelegate.m */ = {isa = PBXFileReference; lastKnownFileType = sourcecode.c.objc; path = AppDelegate.m; sourceTree = "<group>"; };
		AEA25F7919798B5B009A21AB /* Base */ = {isa = PBXFileReference; lastKnownFileType = file.storyboard; name = Base; path = Base.lproj/Main.storyboard; sourceTree = "<group>"; };
		AEA25F7B19798B5B009A21AB /* Images.xcassets */ = {isa = PBXFileReference; lastKnownFileType = folder.assetcatalog; path = Images.xcassets; sourceTree = "<group>"; };
		AEA25F9519798B6F009A21AB /* TodayViewWidget.appex */ = {isa = PBXFileReference; explicitFileType = "wrapper.app-extension"; includeInIndex = 0; path = TodayViewWidget.appex; sourceTree = BUILT_PRODUCTS_DIR; };
		AEA25F9719798B6F009A21AB /* NotificationCenter.framework */ = {isa = PBXFileReference; lastKnownFileType = wrapper.framework; name = NotificationCenter.framework; path = System/Library/Frameworks/NotificationCenter.framework; sourceTree = SDKROOT; };
		AEA25F9B19798B6F009A21AB /* Info.plist */ = {isa = PBXFileReference; lastKnownFileType = text.plist.xml; path = Info.plist; sourceTree = "<group>"; };
		AEA25F9C19798B6F009A21AB /* TodayViewController.h */ = {isa = PBXFileReference; lastKnownFileType = sourcecode.c.h; path = TodayViewController.h; sourceTree = "<group>"; };
		AEA25F9D19798B6F009A21AB /* TodayViewController.m */ = {isa = PBXFileReference; lastKnownFileType = sourcecode.c.objc; path = TodayViewController.m; sourceTree = "<group>"; };
		AEA25F9F19798B6F009A21AB /* MainInterface.storyboard */ = {isa = PBXFileReference; lastKnownFileType = file.storyboard; path = MainInterface.storyboard; sourceTree = "<group>"; };
		AEA25FAA19798B81009A21AB /* OpenIt.entitlements */ = {isa = PBXFileReference; lastKnownFileType = text.xml; path = OpenIt.entitlements; sourceTree = "<group>"; };
		AEA25FAF19798BB5009A21AB /* TodayViewWidget.entitlements */ = {isa = PBXFileReference; lastKnownFileType = text.xml; path = TodayViewWidget.entitlements; sourceTree = "<group>"; };
		AEAA8C19198130E300DCF69C /* ActionDetailViewController.h */ = {isa = PBXFileReference; fileEncoding = 4; lastKnownFileType = sourcecode.c.h; name = ActionDetailViewController.h; path = ../ActionDetailViewController.h; sourceTree = "<group>"; };
		AEAA8C1A198130E300DCF69C /* ActionDetailViewController.m */ = {isa = PBXFileReference; fileEncoding = 4; lastKnownFileType = sourcecode.c.objc; name = ActionDetailViewController.m; path = ../ActionDetailViewController.m; sourceTree = "<group>"; };
		AEAA8C211981854E00DCF69C /* ChooseActionViewController.h */ = {isa = PBXFileReference; fileEncoding = 4; lastKnownFileType = sourcecode.c.h; path = ChooseActionViewController.h; sourceTree = "<group>"; };
		AEAA8C221981854E00DCF69C /* ChooseActionViewController.m */ = {isa = PBXFileReference; fileEncoding = 4; lastKnownFileType = sourcecode.c.objc; path = ChooseActionViewController.m; sourceTree = "<group>"; };
		AEAA8C241981A47C00DCF69C /* SystemActions.plist */ = {isa = PBXFileReference; fileEncoding = 4; lastKnownFileType = text.plist.xml; path = SystemActions.plist; sourceTree = "<group>"; };
		AECC32AA1986CB7000F52ACE /* FaceTime.png */ = {isa = PBXFileReference; lastKnownFileType = image.png; path = FaceTime.png; sourceTree = "<group>"; };
		AECC32AC1986CC5200F52ACE /* YouTube.png */ = {isa = PBXFileReference; lastKnownFileType = image.png; path = YouTube.png; sourceTree = "<group>"; };
		AECC32AE1986CFF100F52ACE /* Music.png */ = {isa = PBXFileReference; lastKnownFileType = image.png; path = Music.png; sourceTree = "<group>"; };
		AECC32AF1986CFF100F52ACE /* iBooks.png */ = {isa = PBXFileReference; lastKnownFileType = image.png; path = iBooks.png; sourceTree = "<group>"; };
		AECC32B21986D1CC00F52ACE /* Facebook.png */ = {isa = PBXFileReference; lastKnownFileType = image.png; path = Facebook.png; sourceTree = "<group>"; };
		AECC32B31986D1CC00F52ACE /* Twitter.png */ = {isa = PBXFileReference; lastKnownFileType = image.png; path = Twitter.png; sourceTree = "<group>"; };
		AECC32B61986E9EB00F52ACE /* Photos.png */ = {isa = PBXFileReference; lastKnownFileType = image.png; path = Photos.png; sourceTree = "<group>"; };
		AEE2CD09197E93F1006DA67A /* YourActionsViewController.h */ = {isa = PBXFileReference; fileEncoding = 4; lastKnownFileType = sourcecode.c.h; path = YourActionsViewController.h; sourceTree = "<group>"; };
		AEE2CD0A197E93F1006DA67A /* YourActionsViewController.m */ = {isa = PBXFileReference; fileEncoding = 4; lastKnownFileType = sourcecode.c.objc; path = YourActionsViewController.m; sourceTree = "<group>"; };
		AEE3670B1997E69100030C00 /* OtherActions.plist */ = {isa = PBXFileReference; fileEncoding = 4; lastKnownFileType = text.plist.xml; path = OtherActions.plist; sourceTree = "<group>"; };
		AEEFD6D11983BFE10039EBDC /* SchemeBuilder.h */ = {isa = PBXFileReference; fileEncoding = 4; lastKnownFileType = sourcecode.c.h; path = SchemeBuilder.h; sourceTree = "<group>"; };
		AEEFD6D21983BFE10039EBDC /* SchemeBuilder.m */ = {isa = PBXFileReference; fileEncoding = 4; lastKnownFileType = sourcecode.c.objc; path = SchemeBuilder.m; sourceTree = "<group>"; };
		AEEFD6D41983F2E60039EBDC /* Mail.png */ = {isa = PBXFileReference; lastKnownFileType = image.png; path = Mail.png; sourceTree = "<group>"; };
		AEEFD6D61983F2E60039EBDC /* Messages.png */ = {isa = PBXFileReference; lastKnownFileType = image.png; path = Messages.png; sourceTree = "<group>"; };
		AEEFD6DA1983F4360039EBDC /* Phone.png */ = {isa = PBXFileReference; lastKnownFileType = image.png; path = Phone.png; sourceTree = "<group>"; };
/* End PBXFileReference section */

/* Begin PBXFrameworksBuildPhase section */
		AEA25F6819798B5B009A21AB /* Frameworks */ = {
			isa = PBXFrameworksBuildPhase;
			buildActionMask = 2147483647;
			files = (
			);
			runOnlyForDeploymentPostprocessing = 0;
		};
		AEA25F9219798B6F009A21AB /* Frameworks */ = {
			isa = PBXFrameworksBuildPhase;
			buildActionMask = 2147483647;
			files = (
				AEA25F9819798B6F009A21AB /* NotificationCenter.framework in Frameworks */,
			);
			runOnlyForDeploymentPostprocessing = 0;
		};
/* End PBXFrameworksBuildPhase section */

/* Begin PBXGroup section */
		AEA25F6219798B5B009A21AB = {
			isa = PBXGroup;
			children = (
				AEA25F6D19798B5B009A21AB /* OpenIt */,
				AEA25F9919798B6F009A21AB /* TodayViewWidget */,
				AEA25F9619798B6F009A21AB /* Frameworks */,
				AEA25F6C19798B5B009A21AB /* Products */,
			);
			sourceTree = "<group>";
		};
		AEA25F6C19798B5B009A21AB /* Products */ = {
			isa = PBXGroup;
			children = (
				AEA25F6B19798B5B009A21AB /* OpenIt.app */,
				AEA25F9519798B6F009A21AB /* TodayViewWidget.appex */,
			);
			name = Products;
			sourceTree = "<group>";
		};
		AEA25F6D19798B5B009A21AB /* OpenIt */ = {
			isa = PBXGroup;
			children = (
				AEA25FAA19798B81009A21AB /* OpenIt.entitlements */,
				AEA25F7819798B5B009A21AB /* Main.storyboard */,
				AEA25F7219798B5B009A21AB /* AppDelegate.h */,
				AEA25F7319798B5B009A21AB /* AppDelegate.m */,
				AEE2CD09197E93F1006DA67A /* YourActionsViewController.h */,
				AEE2CD0A197E93F1006DA67A /* YourActionsViewController.m */,
				AEAA8C19198130E300DCF69C /* ActionDetailViewController.h */,
				AEAA8C1A198130E300DCF69C /* ActionDetailViewController.m */,
				AEAA8C211981854E00DCF69C /* ChooseActionViewController.h */,
				AEAA8C221981854E00DCF69C /* ChooseActionViewController.m */,
				AEEFD6D11983BFE10039EBDC /* SchemeBuilder.h */,
				AEEFD6D21983BFE10039EBDC /* SchemeBuilder.m */,
				AE440B0D1A0828E6008BDC18 /* Launch Screen.xib */,
				AEA25F6E19798B5B009A21AB /* Supporting Files */,
			);
			path = OpenIt;
			sourceTree = "<group>";
		};
		AEA25F6E19798B5B009A21AB /* Supporting Files */ = {
			isa = PBXGroup;
			children = (
				AEA25F7B19798B5B009A21AB /* Images.xcassets */,
				AEAA8C241981A47C00DCF69C /* SystemActions.plist */,
				AEE3670B1997E69100030C00 /* OtherActions.plist */,
				AEEFD6D41983F2E60039EBDC /* Mail.png */,
				AEEFD6DA1983F4360039EBDC /* Phone.png */,
				AEEFD6D61983F2E60039EBDC /* Messages.png */,
				AECC32AA1986CB7000F52ACE /* FaceTime.png */,
				AECC32AC1986CC5200F52ACE /* YouTube.png */,
				AE6A6D2F1994CDC600ABC6C7 /* Maps.png */,
				AE6A6D311994CF2B00ABC6C7 /* Calendar.png */,
				AECC32AE1986CFF100F52ACE /* Music.png */,
				AECC32AF1986CFF100F52ACE /* iBooks.png */,
				AECC32B21986D1CC00F52ACE /* Facebook.png */,
				AECC32B31986D1CC00F52ACE /* Twitter.png */,
				AECC32B61986E9EB00F52ACE /* Photos.png */,
				AEA2267B1998F3FA009AF1DF /* Instagram.png */,
				AE3544B0199A1325003A70F5 /* Pocket.png */,
				AE3544B4199A13E1003A70F5 /* Uber.png */,
				AEA226811999003D009AF1DF /* Safari.png */,
				AE3544AE199A12C9003A70F5 /* Clear.png */,
				AE3544B6199A1901003A70F5 /* Messenger.png */,
				AE0C66F219A33A5D004B3345 /* Fantastical 2.png */,
				AE0C66F319A33A5D004B3345 /* Foursquare.png */,
				AE0C66F019A339B2004B3345 /* Dropbox.png */,
				AE0C66F619A33A8F004B3345 /* IFTTT.png */,
				AE0C66F819A33AFE004B3345 /* Launch Center Pro.png */,
				AE29FB58199A4B8A00AF4567 /* Custom.png */,
				AEA2267D1998F3FD009AF1DF /* WhatsApp.png */,
				AEA2267F1998F400009AF1DF /* Tweetbot.png */,
				AE0C66FC19A33C17004B3345 /* Lyft.png */,
				AE0C670219A33CC5004B3345 /* Skype.png */,
				AE0C66FE19A33C49004B3345 /* Swarm.png */,
				AE0C670019A33CAB004B3345 /* Pebble.png */,
				AE0C670419A33D31004B3345 /* Spotify.png */,
				AE0C670619A33D4E004B3345 /* Starbucks.png */,
				AE0C670819A33D99004B3345 /* TodoMovies 3.png */,
				AE5EC7A3198B982D0040CF0A /* Add@2x.png */,
				AE5EC7A1198B974C0040CF0A /* Settings@2x.png */,
				AEA25F6F19798B5B009A21AB /* Info.plist */,
				AEA25F7019798B5B009A21AB /* main.m */,
			);
			name = "Supporting Files";
			sourceTree = "<group>";
		};
		AEA25F9619798B6F009A21AB /* Frameworks */ = {
			isa = PBXGroup;
			children = (
				AEA25F9719798B6F009A21AB /* NotificationCenter.framework */,
			);
			name = Frameworks;
			sourceTree = "<group>";
		};
		AEA25F9919798B6F009A21AB /* TodayViewWidget */ = {
			isa = PBXGroup;
			children = (
				AEA25FAF19798BB5009A21AB /* TodayViewWidget.entitlements */,
				AEA25F9C19798B6F009A21AB /* TodayViewController.h */,
				AEA25F9D19798B6F009A21AB /* TodayViewController.m */,
				AEA25F9F19798B6F009A21AB /* MainInterface.storyboard */,
				AEA25F9A19798B6F009A21AB /* Supporting Files */,
			);
			path = TodayViewWidget;
			sourceTree = "<group>";
		};
		AEA25F9A19798B6F009A21AB /* Supporting Files */ = {
			isa = PBXGroup;
			children = (
				AEA25F9B19798B6F009A21AB /* Info.plist */,
			);
			name = "Supporting Files";
			sourceTree = "<group>";
		};
/* End PBXGroup section */

/* Begin PBXNativeTarget section */
		AEA25F6A19798B5B009A21AB /* OpenIt */ = {
			isa = PBXNativeTarget;
			buildConfigurationList = AEA25F8B19798B5B009A21AB /* Build configuration list for PBXNativeTarget "OpenIt" */;
			buildPhases = (
				AEA25F6719798B5B009A21AB /* Sources */,
				AEA25F6819798B5B009A21AB /* Frameworks */,
				AEA25F6919798B5B009A21AB /* Resources */,
				AEA25FA919798B6F009A21AB /* Embed App Extensions */,
			);
			buildRules = (
			);
			dependencies = (
				AEA25FA219798B6F009A21AB /* PBXTargetDependency */,
				AEA25FA519798B6F009A21AB /* PBXTargetDependency */,
			);
			name = OpenIt;
			productName = OpenIt;
			productReference = AEA25F6B19798B5B009A21AB /* OpenIt.app */;
			productType = "com.apple.product-type.application";
		};
		AEA25F9419798B6F009A21AB /* TodayViewWidget */ = {
			isa = PBXNativeTarget;
			buildConfigurationList = AEA25FA619798B6F009A21AB /* Build configuration list for PBXNativeTarget "TodayViewWidget" */;
			buildPhases = (
				AEA25F9119798B6F009A21AB /* Sources */,
				AEA25F9219798B6F009A21AB /* Frameworks */,
				AEA25F9319798B6F009A21AB /* Resources */,
			);
			buildRules = (
			);
			dependencies = (
			);
			name = TodayViewWidget;
			productName = TodayViewWidget;
			productReference = AEA25F9519798B6F009A21AB /* TodayViewWidget.appex */;
			productType = "com.apple.product-type.app-extension";
		};
/* End PBXNativeTarget section */

/* Begin PBXProject section */
		AEA25F6319798B5B009A21AB /* Project object */ = {
			isa = PBXProject;
			attributes = {
				LastUpgradeCheck = 0600;
				ORGANIZATIONNAME = "Patrick Balestra";
				TargetAttributes = {
					AEA25F6A19798B5B009A21AB = {
						CreatedOnToolsVersion = 6.0;
						DevelopmentTeam = VKVDVFQ5UA;
						SystemCapabilities = {
							com.apple.ApplicationGroups.iOS = {
								enabled = 1;
							};
						};
					};
					AEA25F9419798B6F009A21AB = {
						CreatedOnToolsVersion = 6.0;
						DevelopmentTeam = VKVDVFQ5UA;
						SystemCapabilities = {
							com.apple.ApplicationGroups.iOS = {
								enabled = 1;
							};
						};
					};
				};
			};
			buildConfigurationList = AEA25F6619798B5B009A21AB /* Build configuration list for PBXProject "OpenIt" */;
			compatibilityVersion = "Xcode 3.2";
			developmentRegion = English;
			hasScannedForEncodings = 0;
			knownRegions = (
				en,
				Base,
			);
			mainGroup = AEA25F6219798B5B009A21AB;
			productRefGroup = AEA25F6C19798B5B009A21AB /* Products */;
			projectDirPath = "";
			projectRoot = "";
			targets = (
				AEA25F6A19798B5B009A21AB /* OpenIt */,
				AEA25F9419798B6F009A21AB /* TodayViewWidget */,
			);
		};
/* End PBXProject section */

/* Begin PBXResourcesBuildPhase section */
		AEA25F6919798B5B009A21AB /* Resources */ = {
			isa = PBXResourcesBuildPhase;
			buildActionMask = 2147483647;
			files = (
				AE3544B5199A13E1003A70F5 /* Uber.png in Resources */,
				AE3544B1199A1325003A70F5 /* Pocket.png in Resources */,
				AEAA8C251981A47C00DCF69C /* SystemActions.plist in Resources */,
				AEA2267C1998F3FA009AF1DF /* Instagram.png in Resources */,
				AEE3670C1997E69100030C00 /* OtherActions.plist in Resources */,
				AEA2267E1998F3FD009AF1DF /* WhatsApp.png in Resources */,
				AE0C670519A33D31004B3345 /* Spotify.png in Resources */,
				AECC32AD1986CC5200F52ACE /* YouTube.png in Resources */,
				AE0C66F719A33A8F004B3345 /* IFTTT.png in Resources */,
				AE0C66FD19A33C17004B3345 /* Lyft.png in Resources */,
				AE0C66F119A339B2004B3345 /* Dropbox.png in Resources */,
				AE0C66F519A33A5D004B3345 /* Foursquare.png in Resources */,
				AE3544B7199A1901003A70F5 /* Messenger.png in Resources */,
				AEEFD6D71983F2E60039EBDC /* Mail.png in Resources */,
				AE29FB59199A4B8A00AF4567 /* Custom.png in Resources */,
				AE5EC7A2198B974C0040CF0A /* Settings@2x.png in Resources */,
				AEEFD6D91983F2E60039EBDC /* Messages.png in Resources */,
				AECC32B71986E9EB00F52ACE /* Photos.png in Resources */,
				AECC32B11986CFF100F52ACE /* iBooks.png in Resources */,
				AEA25F7A19798B5B009A21AB /* Main.storyboard in Resources */,
				AEA226821999003D009AF1DF /* Safari.png in Resources */,
				AE6A6D321994CF2B00ABC6C7 /* Calendar.png in Resources */,
				AEA226801998F400009AF1DF /* Tweetbot.png in Resources */,
				AECC32B51986D1CC00F52ACE /* Twitter.png in Resources */,
				AEA25F7C19798B5B009A21AB /* Images.xcassets in Resources */,
				AE0C66F919A33AFE004B3345 /* Launch Center Pro.png in Resources */,
				AECC32AB1986CB7000F52ACE /* FaceTime.png in Resources */,
				AECC32B01986CFF100F52ACE /* Music.png in Resources */,
				AE0C66FF19A33C49004B3345 /* Swarm.png in Resources */,
				AE3544AF199A12C9003A70F5 /* Clear.png in Resources */,
				AE0C670919A33D99004B3345 /* TodoMovies 3.png in Resources */,
				AE6A6D301994CDC600ABC6C7 /* Maps.png in Resources */,
				AE0C670319A33CC5004B3345 /* Skype.png in Resources */,
				AE0C66F419A33A5D004B3345 /* Fantastical 2.png in Resources */,
				AE0C670719A33D4E004B3345 /* Starbucks.png in Resources */,
				AECC32B41986D1CC00F52ACE /* Facebook.png in Resources */,
				AEEFD6DB1983F4360039EBDC /* Phone.png in Resources */,
				AE5EC7A4198B982D0040CF0A /* Add@2x.png in Resources */,
				AE0C670119A33CAB004B3345 /* Pebble.png in Resources */,
				AE440B0E1A0828E6008BDC18 /* Launch Screen.xib in Resources */,
			);
			runOnlyForDeploymentPostprocessing = 0;
		};
		AEA25F9319798B6F009A21AB /* Resources */ = {
			isa = PBXResourcesBuildPhase;
			buildActionMask = 2147483647;
			files = (
				AEA25FA019798B6F009A21AB /* MainInterface.storyboard in Resources */,
			);
			runOnlyForDeploymentPostprocessing = 0;
		};
/* End PBXResourcesBuildPhase section */

/* Begin PBXSourcesBuildPhase section */
		AEA25F6719798B5B009A21AB /* Sources */ = {
			isa = PBXSourcesBuildPhase;
			buildActionMask = 2147483647;
			files = (
				AEAA8C231981854E00DCF69C /* ChooseActionViewController.m in Sources */,
				AEE2CD0B197E93F1006DA67A /* YourActionsViewController.m in Sources */,
				AEA25F7419798B5B009A21AB /* AppDelegate.m in Sources */,
				AEEFD6D31983BFE10039EBDC /* SchemeBuilder.m in Sources */,
				AEA25F7119798B5B009A21AB /* main.m in Sources */,
				AEAA8C1B198130E300DCF69C /* ActionDetailViewController.m in Sources */,
			);
			runOnlyForDeploymentPostprocessing = 0;
		};
		AEA25F9119798B6F009A21AB /* Sources */ = {
			isa = PBXSourcesBuildPhase;
			buildActionMask = 2147483647;
			files = (
				AEA25F9E19798B6F009A21AB /* TodayViewController.m in Sources */,
			);
			runOnlyForDeploymentPostprocessing = 0;
		};
/* End PBXSourcesBuildPhase section */

/* Begin PBXTargetDependency section */
		AEA25FA219798B6F009A21AB /* PBXTargetDependency */ = {
			isa = PBXTargetDependency;
			target = AEA25F9419798B6F009A21AB /* TodayViewWidget */;
			targetProxy = AEA25FA119798B6F009A21AB /* PBXContainerItemProxy */;
		};
		AEA25FA519798B6F009A21AB /* PBXTargetDependency */ = {
			isa = PBXTargetDependency;
			target = AEA25F9419798B6F009A21AB /* TodayViewWidget */;
			targetProxy = AEA25FA419798B6F009A21AB /* PBXContainerItemProxy */;
		};
/* End PBXTargetDependency section */

/* Begin PBXVariantGroup section */
		AEA25F7819798B5B009A21AB /* Main.storyboard */ = {
			isa = PBXVariantGroup;
			children = (
				AEA25F7919798B5B009A21AB /* Base */,
			);
			name = Main.storyboard;
			sourceTree = "<group>";
		};
/* End PBXVariantGroup section */

/* Begin XCBuildConfiguration section */
		AEA25F8919798B5B009A21AB /* Debug */ = {
			isa = XCBuildConfiguration;
			buildSettings = {
				ALWAYS_SEARCH_USER_PATHS = NO;
				CLANG_CXX_LANGUAGE_STANDARD = "gnu++0x";
				CLANG_CXX_LIBRARY = "libc++";
				CLANG_ENABLE_MODULES = YES;
				CLANG_ENABLE_OBJC_ARC = YES;
				CLANG_WARN_BOOL_CONVERSION = YES;
				CLANG_WARN_CONSTANT_CONVERSION = YES;
				CLANG_WARN_DIRECT_OBJC_ISA_USAGE = YES_ERROR;
				CLANG_WARN_EMPTY_BODY = YES;
				CLANG_WARN_ENUM_CONVERSION = YES;
				CLANG_WARN_INT_CONVERSION = YES;
				CLANG_WARN_OBJC_ROOT_CLASS = YES_ERROR;
				CLANG_WARN_UNREACHABLE_CODE = YES;
				CLANG_WARN__DUPLICATE_METHOD_MATCH = YES;
				"CODE_SIGN_IDENTITY[sdk=iphoneos*]" = "iPhone Developer";
				COPY_PHASE_STRIP = NO;
				ENABLE_STRICT_OBJC_MSGSEND = YES;
				GCC_C_LANGUAGE_STANDARD = gnu99;
				GCC_DYNAMIC_NO_PIC = NO;
				GCC_OPTIMIZATION_LEVEL = 0;
				GCC_PREPROCESSOR_DEFINITIONS = (
					"DEBUG=1",
					"$(inherited)",
				);
				GCC_SYMBOLS_PRIVATE_EXTERN = NO;
				GCC_WARN_64_TO_32_BIT_CONVERSION = YES;
				GCC_WARN_ABOUT_RETURN_TYPE = YES_ERROR;
				GCC_WARN_UNDECLARED_SELECTOR = YES;
				GCC_WARN_UNINITIALIZED_AUTOS = YES_AGGRESSIVE;
				GCC_WARN_UNUSED_FUNCTION = YES;
				GCC_WARN_UNUSED_VARIABLE = YES;
				IPHONEOS_DEPLOYMENT_TARGET = 8.0;
				MTL_ENABLE_DEBUG_INFO = YES;
				ONLY_ACTIVE_ARCH = YES;
				SDKROOT = iphoneos;
			};
			name = Debug;
		};
		AEA25F8A19798B5B009A21AB /* Release */ = {
			isa = XCBuildConfiguration;
			buildSettings = {
				ALWAYS_SEARCH_USER_PATHS = NO;
				CLANG_CXX_LANGUAGE_STANDARD = "gnu++0x";
				CLANG_CXX_LIBRARY = "libc++";
				CLANG_ENABLE_MODULES = YES;
				CLANG_ENABLE_OBJC_ARC = YES;
				CLANG_WARN_BOOL_CONVERSION = YES;
				CLANG_WARN_CONSTANT_CONVERSION = YES;
				CLANG_WARN_DIRECT_OBJC_ISA_USAGE = YES_ERROR;
				CLANG_WARN_EMPTY_BODY = YES;
				CLANG_WARN_ENUM_CONVERSION = YES;
				CLANG_WARN_INT_CONVERSION = YES;
				CLANG_WARN_OBJC_ROOT_CLASS = YES_ERROR;
				CLANG_WARN_UNREACHABLE_CODE = YES;
				CLANG_WARN__DUPLICATE_METHOD_MATCH = YES;
				"CODE_SIGN_IDENTITY[sdk=iphoneos*]" = "iPhone Developer";
				COPY_PHASE_STRIP = YES;
				ENABLE_NS_ASSERTIONS = NO;
				ENABLE_STRICT_OBJC_MSGSEND = YES;
				GCC_C_LANGUAGE_STANDARD = gnu99;
				GCC_WARN_64_TO_32_BIT_CONVERSION = YES;
				GCC_WARN_ABOUT_RETURN_TYPE = YES_ERROR;
				GCC_WARN_UNDECLARED_SELECTOR = YES;
				GCC_WARN_UNINITIALIZED_AUTOS = YES_AGGRESSIVE;
				GCC_WARN_UNUSED_FUNCTION = YES;
				GCC_WARN_UNUSED_VARIABLE = YES;
				IPHONEOS_DEPLOYMENT_TARGET = 8.0;
				MTL_ENABLE_DEBUG_INFO = NO;
				SDKROOT = iphoneos;
				VALIDATE_PRODUCT = YES;
			};
			name = Release;
		};
		AEA25F8C19798B5B009A21AB /* Debug */ = {
			isa = XCBuildConfiguration;
			buildSettings = {
				ASSETCATALOG_COMPILER_APPICON_NAME = AppIcon;
				CODE_SIGN_ENTITLEMENTS = OpenIt/OpenIt.entitlements;
				CODE_SIGN_IDENTITY = "iPhone Developer";
				"CODE_SIGN_IDENTITY[sdk=iphoneos*]" = "iPhone Developer";
				FRAMEWORK_SEARCH_PATHS = (
					"$(inherited)",
					"$(PROJECT_DIR)",
				);
				INFOPLIST_FILE = OpenIt/Info.plist;
				LD_RUNPATH_SEARCH_PATHS = "$(inherited) @executable_path/Frameworks";
				PRODUCT_NAME = "$(TARGET_NAME)";
				PROVISIONING_PROFILE = "";
				TARGETED_DEVICE_FAMILY = "1,2";
			};
			name = Debug;
		};
		AEA25F8D19798B5B009A21AB /* Release */ = {
			isa = XCBuildConfiguration;
			buildSettings = {
				ASSETCATALOG_COMPILER_APPICON_NAME = AppIcon;
				CODE_SIGN_ENTITLEMENTS = OpenIt/OpenIt.entitlements;
				CODE_SIGN_IDENTITY = "iPhone Developer";
				"CODE_SIGN_IDENTITY[sdk=iphoneos*]" = "iPhone Developer";
				FRAMEWORK_SEARCH_PATHS = (
					"$(inherited)",
					"$(PROJECT_DIR)",
				);
				INFOPLIST_FILE = OpenIt/Info.plist;
				LD_RUNPATH_SEARCH_PATHS = "$(inherited) @executable_path/Frameworks";
				PRODUCT_NAME = "$(TARGET_NAME)";
				PROVISIONING_PROFILE = "";
				TARGETED_DEVICE_FAMILY = "1,2";
			};
			name = Release;
		};
		AEA25FA719798B6F009A21AB /* Debug */ = {
			isa = XCBuildConfiguration;
			buildSettings = {
				ASSETCATALOG_COMPILER_APPICON_NAME = "AppIcon-2";
				ASSETCATALOG_COMPILER_LAUNCHIMAGE_NAME = "LaunchImage-2";
				CODE_SIGN_ENTITLEMENTS = TodayViewWidget/TodayViewWidget.entitlements;
				CODE_SIGN_IDENTITY = "iPhone Developer";
				"CODE_SIGN_IDENTITY[sdk=iphoneos*]" = "iPhone Developer";
				GCC_PREPROCESSOR_DEFINITIONS = (
					"DEBUG=1",
					"$(inherited)",
				);
				INFOPLIST_FILE = TodayViewWidget/Info.plist;
				LD_RUNPATH_SEARCH_PATHS = "$(inherited) @executable_path/Frameworks @executable_path/../../Frameworks";
				PRODUCT_NAME = "$(TARGET_NAME)";
				PROVISIONING_PROFILE = "";
				SKIP_INSTALL = YES;
			};
			name = Debug;
		};
		AEA25FA819798B6F009A21AB /* Release */ = {
			isa = XCBuildConfiguration;
			buildSettings = {
				ASSETCATALOG_COMPILER_APPICON_NAME = "AppIcon-2";
				ASSETCATALOG_COMPILER_LAUNCHIMAGE_NAME = "LaunchImage-2";
				CODE_SIGN_ENTITLEMENTS = TodayViewWidget/TodayViewWidget.entitlements;
				CODE_SIGN_IDENTITY = "iPhone Developer";
				"CODE_SIGN_IDENTITY[sdk=iphoneos*]" = "iPhone Developer";
				INFOPLIST_FILE = TodayViewWidget/Info.plist;
				LD_RUNPATH_SEARCH_PATHS = "$(inherited) @executable_path/Frameworks @executable_path/../../Frameworks";
				PRODUCT_NAME = "$(TARGET_NAME)";
				PROVISIONING_PROFILE = "";
				SKIP_INSTALL = YES;
			};
			name = Release;
		};
/* End XCBuildConfiguration section */

/* Begin XCConfigurationList section */
		AEA25F6619798B5B009A21AB /* Build configuration list for PBXProject "OpenIt" */ = {
			isa = XCConfigurationList;
			buildConfigurations = (
				AEA25F8919798B5B009A21AB /* Debug */,
				AEA25F8A19798B5B009A21AB /* Release */,
			);
			defaultConfigurationIsVisible = 0;
			defaultConfigurationName = Release;
		};
		AEA25F8B19798B5B009A21AB /* Build configuration list for PBXNativeTarget "OpenIt" */ = {
			isa = XCConfigurationList;
			buildConfigurations = (
				AEA25F8C19798B5B009A21AB /* Debug */,
				AEA25F8D19798B5B009A21AB /* Release */,
			);
			defaultConfigurationIsVisible = 0;
			defaultConfigurationName = Release;
		};
		AEA25FA619798B6F009A21AB /* Build configuration list for PBXNativeTarget "TodayViewWidget" */ = {
			isa = XCConfigurationList;
			buildConfigurations = (
				AEA25FA719798B6F009A21AB /* Debug */,
				AEA25FA819798B6F009A21AB /* Release */,
			);
			defaultConfigurationIsVisible = 0;
			defaultConfigurationName = Release;
		};
/* End XCConfigurationList section */
	};
	rootObject = AEA25F6319798B5B009A21AB /* Project object */;
}
