// !$*UTF8*$!
{
	archiveVersion = 1;
	classes = {
	};
	objectVersion = 46;
	objects = {

/* Begin PBXBuildFile section */
		AEA25F7119798B5B009A21AB /* main.m in Sources */ = {isa = PBXBuildFile; fileRef = AEA25F7019798B5B009A21AB /* main.m */; };
		AEA25F7419798B5B009A21AB /* AppDelegate.m in Sources */ = {isa = PBXBuildFile; fileRef = AEA25F7319798B5B009A21AB /* AppDelegate.m */; };
		AEA25F7719798B5B009A21AB /* ViewController.m in Sources */ = {isa = PBXBuildFile; fileRef = AEA25F7619798B5B009A21AB /* ViewController.m */; };
		AEA25F7A19798B5B009A21AB /* Main.storyboard in Resources */ = {isa = PBXBuildFile; fileRef = AEA25F7819798B5B009A21AB /* Main.storyboard */; };
		AEA25F7C19798B5B009A21AB /* Images.xcassets in Resources */ = {isa = PBXBuildFile; fileRef = AEA25F7B19798B5B009A21AB /* Images.xcassets */; };
		AEA25F8819798B5B009A21AB /* OpenItTests.m in Sources */ = {isa = PBXBuildFile; fileRef = AEA25F8719798B5B009A21AB /* OpenItTests.m */; };
/* End PBXBuildFile section */

/* Begin PBXContainerItemProxy section */
		AEA25F8219798B5B009A21AB /* PBXContainerItemProxy */ = {
			isa = PBXContainerItemProxy;
			containerPortal = AEA25F6319798B5B009A21AB /* Project object */;
			proxyType = 1;
			remoteGlobalIDString = AEA25F6A19798B5B009A21AB;
			remoteInfo = OpenIt;
		};
/* End PBXContainerItemProxy section */

/* Begin PBXFileReference section */
		AEA25F6B19798B5B009A21AB /* OpenIt.app */ = {isa = PBXFileReference; explicitFileType = wrapper.application; includeInIndex = 0; path = OpenIt.app; sourceTree = BUILT_PRODUCTS_DIR; };
		AEA25F6F19798B5B009A21AB /* Info.plist */ = {isa = PBXFileReference; lastKnownFileType = text.plist.xml; path = Info.plist; sourceTree = "<group>"; };
		AEA25F7019798B5B009A21AB /* main.m */ = {isa = PBXFileReference; lastKnownFileType = sourcecode.c.objc; path = main.m; sourceTree = "<group>"; };
		AEA25F7219798B5B009A21AB /* AppDelegate.h */ = {isa = PBXFileReference; lastKnownFileType = sourcecode.c.h; path = AppDelegate.h; sourceTree = "<group>"; };
		AEA25F7319798B5B009A21AB /* AppDelegate.m */ = {isa = PBXFileReference; lastKnownFileType = sourcecode.c.objc; path = AppDelegate.m; sourceTree = "<group>"; };
		AEA25F7519798B5B009A21AB /* ViewController.h */ = {isa = PBXFileReference; lastKnownFileType = sourcecode.c.h; path = ViewController.h; sourceTree = "<group>"; };
		AEA25F7619798B5B009A21AB /* ViewController.m */ = {isa = PBXFileReference; lastKnownFileType = sourcecode.c.objc; path = ViewController.m; sourceTree = "<group>"; };
		AEA25F7919798B5B009A21AB /* Base */ = {isa = PBXFileReference; lastKnownFileType = file.storyboard; name = Base; path = Base.lproj/Main.storyboard; sourceTree = "<group>"; };
		AEA25F7B19798B5B009A21AB /* Images.xcassets */ = {isa = PBXFileReference; lastKnownFileType = folder.assetcatalog; path = Images.xcassets; sourceTree = "<group>"; };
		AEA25F8119798B5B009A21AB /* OpenItTests.xctest */ = {isa = PBXFileReference; explicitFileType = wrapper.cfbundle; includeInIndex = 0; path = OpenItTests.xctest; sourceTree = BUILT_PRODUCTS_DIR; };
		AEA25F8619798B5B009A21AB /* Info.plist */ = {isa = PBXFileReference; lastKnownFileType = text.plist.xml; path = Info.plist; sourceTree = "<group>"; };
		AEA25F8719798B5B009A21AB /* OpenItTests.m */ = {isa = PBXFileReference; lastKnownFileType = sourcecode.c.objc; path = OpenItTests.m; sourceTree = "<group>"; };
/* End PBXFileReference section */

/* Begin PBXFrameworksBuildPhase section */
		AEA25F6819798B5B009A21AB /* Frameworks */ = {
			isa = PBXFrameworksBuildPhase;
			buildActionMask = 2147483647;
			files = (
			);
			runOnlyForDeploymentPostprocessing = 0;
		};
		AEA25F7E19798B5B009A21AB /* Frameworks */ = {
			isa = PBXFrameworksBuildPhase;
			buildActionMask = 2147483647;
			files = (
			);
			runOnlyForDeploymentPostprocessing = 0;
		};
/* End PBXFrameworksBuildPhase section */

/* Begin PBXGroup section */
		AEA25F6219798B5B009A21AB = {
			isa = PBXGroup;
			children = (
				AEA25F6D19798B5B009A21AB /* OpenIt */,
				AEA25F8419798B5B009A21AB /* OpenItTests */,
				AEA25F6C19798B5B009A21AB /* Products */,
			);
			sourceTree = "<group>";
		};
		AEA25F6C19798B5B009A21AB /* Products */ = {
			isa = PBXGroup;
			children = (
				AEA25F6B19798B5B009A21AB /* OpenIt.app */,
				AEA25F8119798B5B009A21AB /* OpenItTests.xctest */,
			);
			name = Products;
			sourceTree = "<group>";
		};
		AEA25F6D19798B5B009A21AB /* OpenIt */ = {
			isa = PBXGroup;
			children = (
				AEA25F7219798B5B009A21AB /* AppDelegate.h */,
				AEA25F7319798B5B009A21AB /* AppDelegate.m */,
				AEA25F7519798B5B009A21AB /* ViewController.h */,
				AEA25F7619798B5B009A21AB /* ViewController.m */,
				AEA25F7819798B5B009A21AB /* Main.storyboard */,
				AEA25F7B19798B5B009A21AB /* Images.xcassets */,
				AEA25F6E19798B5B009A21AB /* Supporting Files */,
			);
			path = OpenIt;
			sourceTree = "<group>";
		};
		AEA25F6E19798B5B009A21AB /* Supporting Files */ = {
			isa = PBXGroup;
			children = (
				AEA25F6F19798B5B009A21AB /* Info.plist */,
				AEA25F7019798B5B009A21AB /* main.m */,
			);
			name = "Supporting Files";
			sourceTree = "<group>";
		};
		AEA25F8419798B5B009A21AB /* OpenItTests */ = {
			isa = PBXGroup;
			children = (
				AEA25F8719798B5B009A21AB /* OpenItTests.m */,
				AEA25F8519798B5B009A21AB /* Supporting Files */,
			);
			path = OpenItTests;
			sourceTree = "<group>";
		};
		AEA25F8519798B5B009A21AB /* Supporting Files */ = {
			isa = PBXGroup;
			children = (
				AEA25F8619798B5B009A21AB /* Info.plist */,
			);
			name = "Supporting Files";
			sourceTree = "<group>";
		};
/* End PBXGroup section */

/* Begin PBXNativeTarget section */
		AEA25F6A19798B5B009A21AB /* OpenIt */ = {
			isa = PBXNativeTarget;
			buildConfigurationList = AEA25F8B19798B5B009A21AB /* Build configuration list for PBXNativeTarget "OpenIt" */;
			buildPhases = (
				AEA25F6719798B5B009A21AB /* Sources */,
				AEA25F6819798B5B009A21AB /* Frameworks */,
				AEA25F6919798B5B009A21AB /* Resources */,
			);
			buildRules = (
			);
			dependencies = (
			);
			name = OpenIt;
			productName = OpenIt;
			productReference = AEA25F6B19798B5B009A21AB /* OpenIt.app */;
			productType = "com.apple.product-type.application";
		};
		AEA25F8019798B5B009A21AB /* OpenItTests */ = {
			isa = PBXNativeTarget;
			buildConfigurationList = AEA25F8E19798B5B009A21AB /* Build configuration list for PBXNativeTarget "OpenItTests" */;
			buildPhases = (
				AEA25F7D19798B5B009A21AB /* Sources */,
				AEA25F7E19798B5B009A21AB /* Frameworks */,
				AEA25F7F19798B5B009A21AB /* Resources */,
			);
			buildRules = (
			);
			dependencies = (
				AEA25F8319798B5B009A21AB /* PBXTargetDependency */,
			);
			name = OpenItTests;
			productName = OpenItTests;
			productReference = AEA25F8119798B5B009A21AB /* OpenItTests.xctest */;
			productType = "com.apple.product-type.bundle.unit-test";
		};
/* End PBXNativeTarget section */

/* Begin PBXProject section */
		AEA25F6319798B5B009A21AB /* Project object */ = {
			isa = PBXProject;
			attributes = {
				LastUpgradeCheck = 0600;
				ORGANIZATIONNAME = "Patrick Balestra";
				TargetAttributes = {
					AEA25F6A19798B5B009A21AB = {
						CreatedOnToolsVersion = 6.0;
					};
					AEA25F8019798B5B009A21AB = {
						CreatedOnToolsVersion = 6.0;
						TestTargetID = AEA25F6A19798B5B009A21AB;
					};
				};
			};
			buildConfigurationList = AEA25F6619798B5B009A21AB /* Build configuration list for PBXProject "OpenIt" */;
			compatibilityVersion = "Xcode 3.2";
			developmentRegion = English;
			hasScannedForEncodings = 0;
			knownRegions = (
				en,
				Base,
			);
			mainGroup = AEA25F6219798B5B009A21AB;
			productRefGroup = AEA25F6C19798B5B009A21AB /* Products */;
			projectDirPath = "";
			projectRoot = "";
			targets = (
				AEA25F6A19798B5B009A21AB /* OpenIt */,
				AEA25F8019798B5B009A21AB /* OpenItTests */,
			);
		};
/* End PBXProject section */

/* Begin PBXResourcesBuildPhase section */
		AEA25F6919798B5B009A21AB /* Resources */ = {
			isa = PBXResourcesBuildPhase;
			buildActionMask = 2147483647;
			files = (
				AEA25F7A19798B5B009A21AB /* Main.storyboard in Resources */,
				AEA25F7C19798B5B009A21AB /* Images.xcassets in Resources */,
			);
			runOnlyForDeploymentPostprocessing = 0;
		};
		AEA25F7F19798B5B009A21AB /* Resources */ = {
			isa = PBXResourcesBuildPhase;
			buildActionMask = 2147483647;
			files = (
			);
			runOnlyForDeploymentPostprocessing = 0;
		};
/* End PBXResourcesBuildPhase section */

/* Begin PBXSourcesBuildPhase section */
		AEA25F6719798B5B009A21AB /* Sources */ = {
			isa = PBXSourcesBuildPhase;
			buildActionMask = 2147483647;
			files = (
				AEA25F7719798B5B009A21AB /* ViewController.m in Sources */,
				AEA25F7419798B5B009A21AB /* AppDelegate.m in Sources */,
				AEA25F7119798B5B009A21AB /* main.m in Sources */,
			);
			runOnlyForDeploymentPostprocessing = 0;
		};
		AEA25F7D19798B5B009A21AB /* Sources */ = {
			isa = PBXSourcesBuildPhase;
			buildActionMask = 2147483647;
			files = (
				AEA25F8819798B5B009A21AB /* OpenItTests.m in Sources */,
			);
			runOnlyForDeploymentPostprocessing = 0;
		};
/* End PBXSourcesBuildPhase section */

/* Begin PBXTargetDependency section */
		AEA25F8319798B5B009A21AB /* PBXTargetDependency */ = {
			isa = PBXTargetDependency;
			target = AEA25F6A19798B5B009A21AB /* OpenIt */;
			targetProxy = AEA25F8219798B5B009A21AB /* PBXContainerItemProxy */;
		};
/* End PBXTargetDependency section */

/* Begin PBXVariantGroup section */
		AEA25F7819798B5B009A21AB /* Main.storyboard */ = {
			isa = PBXVariantGroup;
			children = (
				AEA25F7919798B5B009A21AB /* Base */,
			);
			name = Main.storyboard;
			sourceTree = "<group>";
		};
/* End PBXVariantGroup section */

/* Begin XCBuildConfiguration section */
		AEA25F8919798B5B009A21AB /* Debug */ = {
			isa = XCBuildConfiguration;
			buildSettings = {
				ALWAYS_SEARCH_USER_PATHS = NO;
				CLANG_CXX_LANGUAGE_STANDARD = "gnu++0x";
				CLANG_CXX_LIBRARY = "libc++";
				CLANG_ENABLE_MODULES = YES;
				CLANG_ENABLE_OBJC_ARC = YES;
				CLANG_WARN_BOOL_CONVERSION = YES;
				CLANG_WARN_CONSTANT_CONVERSION = YES;
				CLANG_WARN_DIRECT_OBJC_ISA_USAGE = YES_ERROR;
				CLANG_WARN_EMPTY_BODY = YES;
				CLANG_WARN_ENUM_CONVERSION = YES;
				CLANG_WARN_INT_CONVERSION = YES;
				CLANG_WARN_OBJC_ROOT_CLASS = YES_ERROR;
				CLANG_WARN_UNREACHABLE_CODE = YES;
				CLANG_WARN__DUPLICATE_METHOD_MATCH = YES;
				"CODE_SIGN_IDENTITY[sdk=iphoneos*]" = "iPhone Developer";
				COPY_PHASE_STRIP = NO;
				ENABLE_STRICT_OBJC_MSGSEND = YES;
				GCC_C_LANGUAGE_STANDARD = gnu99;
				GCC_DYNAMIC_NO_PIC = NO;
				GCC_OPTIMIZATION_LEVEL = 0;
				GCC_PREPROCESSOR_DEFINITIONS = (
					"DEBUG=1",
					"$(inherited)",
				);
				GCC_SYMBOLS_PRIVATE_EXTERN = NO;
				GCC_WARN_64_TO_32_BIT_CONVERSION = YES;
				GCC_WARN_ABOUT_RETURN_TYPE = YES_ERROR;
				GCC_WARN_UNDECLARED_SELECTOR = YES;
				GCC_WARN_UNINITIALIZED_AUTOS = YES_AGGRESSIVE;
				GCC_WARN_UNUSED_FUNCTION = YES;
				GCC_WARN_UNUSED_VARIABLE = YES;
				IPHONEOS_DEPLOYMENT_TARGET = 8.0;
				MTL_ENABLE_DEBUG_INFO = YES;
				ONLY_ACTIVE_ARCH = YES;
				SDKROOT = iphoneos;
			};
			name = Debug;
		};
		AEA25F8A19798B5B009A21AB /* Release */ = {
			isa = XCBuildConfiguration;
			buildSettings = {
				ALWAYS_SEARCH_USER_PATHS = NO;
				CLANG_CXX_LANGUAGE_STANDARD = "gnu++0x";
				CLANG_CXX_LIBRARY = "libc++";
				CLANG_ENABLE_MODULES = YES;
				CLANG_ENABLE_OBJC_ARC = YES;
				CLANG_WARN_BOOL_CONVERSION = YES;
				CLANG_WARN_CONSTANT_CONVERSION = YES;
				CLANG_WARN_DIRECT_OBJC_ISA_USAGE = YES_ERROR;
				CLANG_WARN_EMPTY_BODY = YES;
				CLANG_WARN_ENUM_CONVERSION = YES;
				CLANG_WARN_INT_CONVERSION = YES;
				CLANG_WARN_OBJC_ROOT_CLASS = YES_ERROR;
				CLANG_WARN_UNREACHABLE_CODE = YES;
				CLANG_WARN__DUPLICATE_METHOD_MATCH = YES;
				"CODE_SIGN_IDENTITY[sdk=iphoneos*]" = "iPhone Developer";
				COPY_PHASE_STRIP = YES;
				ENABLE_NS_ASSERTIONS = NO;
				ENABLE_STRICT_OBJC_MSGSEND = YES;
				GCC_C_LANGUAGE_STANDARD = gnu99;
				GCC_WARN_64_TO_32_BIT_CONVERSION = YES;
				GCC_WARN_ABOUT_RETURN_TYPE = YES_ERROR;
				GCC_WARN_UNDECLARED_SELECTOR = YES;
				GCC_WARN_UNINITIALIZED_AUTOS = YES_AGGRESSIVE;
				GCC_WARN_UNUSED_FUNCTION = YES;
				GCC_WARN_UNUSED_VARIABLE = YES;
				IPHONEOS_DEPLOYMENT_TARGET = 8.0;
				MTL_ENABLE_DEBUG_INFO = NO;
				SDKROOT = iphoneos;
				VALIDATE_PRODUCT = YES;
			};
			name = Release;
		};
		AEA25F8C19798B5B009A21AB /* Debug */ = {
			isa = XCBuildConfiguration;
			buildSettings = {
				ASSETCATALOG_COMPILER_APPICON_NAME = AppIcon;
				ASSETCATALOG_COMPILER_LAUNCHIMAGE_NAME = LaunchImage;
				INFOPLIST_FILE = OpenIt/Info.plist;
				LD_RUNPATH_SEARCH_PATHS = "$(inherited) @executable_path/Frameworks";
				PRODUCT_NAME = "$(TARGET_NAME)";
			};
			name = Debug;
		};
		AEA25F8D19798B5B009A21AB /* Release */ = {
			isa = XCBuildConfiguration;
			buildSettings = {
				ASSETCATALOG_COMPILER_APPICON_NAME = AppIcon;
				ASSETCATALOG_COMPILER_LAUNCHIMAGE_NAME = LaunchImage;
				INFOPLIST_FILE = OpenIt/Info.plist;
				LD_RUNPATH_SEARCH_PATHS = "$(inherited) @executable_path/Frameworks";
				PRODUCT_NAME = "$(TARGET_NAME)";
			};
			name = Release;
		};
		AEA25F8F19798B5B009A21AB /* Debug */ = {
			isa = XCBuildConfiguration;
			buildSettings = {
				BUNDLE_LOADER = "$(BUILT_PRODUCTS_DIR)/OpenIt.app/OpenIt";
				FRAMEWORK_SEARCH_PATHS = (
					"$(SDKROOT)/Developer/Library/Frameworks",
					"$(inherited)",
				);
				GCC_PREPROCESSOR_DEFINITIONS = (
					"DEBUG=1",
					"$(inherited)",
				);
				INFOPLIST_FILE = OpenItTests/Info.plist;
				LD_RUNPATH_SEARCH_PATHS = "$(inherited) @executable_path/Frameworks @loader_path/Frameworks";
				PRODUCT_NAME = "$(TARGET_NAME)";
				TEST_HOST = "$(BUNDLE_LOADER)";
			};
			name = Debug;
		};
		AEA25F9019798B5B009A21AB /* Release */ = {
			isa = XCBuildConfiguration;
			buildSettings = {
				BUNDLE_LOADER = "$(BUILT_PRODUCTS_DIR)/OpenIt.app/OpenIt";
				FRAMEWORK_SEARCH_PATHS = (
					"$(SDKROOT)/Developer/Library/Frameworks",
					"$(inherited)",
				);
				INFOPLIST_FILE = OpenItTests/Info.plist;
				LD_RUNPATH_SEARCH_PATHS = "$(inherited) @executable_path/Frameworks @loader_path/Frameworks";
				PRODUCT_NAME = "$(TARGET_NAME)";
				TEST_HOST = "$(BUNDLE_LOADER)";
			};
			name = Release;
		};
/* End XCBuildConfiguration section */

/* Begin XCConfigurationList section */
		AEA25F6619798B5B009A21AB /* Build configuration list for PBXProject "OpenIt" */ = {
			isa = XCConfigurationList;
			buildConfigurations = (
				AEA25F8919798B5B009A21AB /* Debug */,
				AEA25F8A19798B5B009A21AB /* Release */,
			);
			defaultConfigurationIsVisible = 0;
			defaultConfigurationName = Release;
		};
		AEA25F8B19798B5B009A21AB /* Build configuration list for PBXNativeTarget "OpenIt" */ = {
			isa = XCConfigurationList;
			buildConfigurations = (
				AEA25F8C19798B5B009A21AB /* Debug */,
				AEA25F8D19798B5B009A21AB /* Release */,
			);
			defaultConfigurationIsVisible = 0;
		};
		AEA25F8E19798B5B009A21AB /* Build configuration list for PBXNativeTarget "OpenItTests" */ = {
			isa = XCConfigurationList;
			buildConfigurations = (
				AEA25F8F19798B5B009A21AB /* Debug */,
				AEA25F9019798B5B009A21AB /* Release */,
			);
			defaultConfigurationIsVisible = 0;
		};
/* End XCConfigurationList section */
	};
	rootObject = AEA25F6319798B5B009A21AB /* Project object */;
}
